
Microsoft Visual Studio Solution File, Format Version 12.00
# Visual Studio 15
VisualStudioVersion = 15.0.26124.0
MinimumVisualStudioVersion = 15.0.26124.0
Project("{2150E333-8FDC-42A3-9474-1A3956D46DE8}") = "src", "src", "{CC477A39-09CC-4920-A402-19A8691A1524}"
EndProject
Project("{FAE04EC0-301F-11D3-BF4B-00C04F79EFBC}") = "RamPaged", "src\RamPaged\RamPaged.csproj", "{2884D3D6-0B7C-40FA-ADE1-0967A77ADCA9}"
EndProject
Project("{FAE04EC0-301F-11D3-BF4B-00C04F79EFBC}") = "RamPaged.AutoMapper", "src\RamPaged.AutoMapper\RamPaged.AutoMapper.csproj", "{242372B4-B1C9-46B6-99D1-0F813EB1D270}"
EndProject
Global
	GlobalSection(SolutionConfigurationPlatforms) = preSolution
		Debug|Any CPU = Debug|Any CPU
		Debug|x64 = Debug|x64
		Debug|x86 = Debug|x86
		Release|Any CPU = Release|Any CPU
		Release|x64 = Release|x64
		Release|x86 = Release|x86
	EndGlobalSection
	GlobalSection(SolutionProperties) = preSolution
		HideSolutionNode = FALSE
	EndGlobalSection
	GlobalSection(ProjectConfigurationPlatforms) = postSolution
		{2884D3D6-0B7C-40FA-ADE1-0967A77ADCA9}.Debug|Any CPU.ActiveCfg = Debug|Any CPU
		{2884D3D6-0B7C-40FA-ADE1-0967A77ADCA9}.Debug|Any CPU.Build.0 = Debug|Any CPU
		{2884D3D6-0B7C-40FA-ADE1-0967A77ADCA9}.Debug|x64.ActiveCfg = Debug|Any CPU
		{2884D3D6-0B7C-40FA-ADE1-0967A77ADCA9}.Debug|x64.Build.0 = Debug|Any CPU
		{2884D3D6-0B7C-40FA-ADE1-0967A77ADCA9}.Debug|x86.ActiveCfg = Debug|Any CPU
		{2884D3D6-0B7C-40FA-ADE1-0967A77ADCA9}.Debug|x86.Build.0 = Debug|Any CPU
		{2884D3D6-0B7C-40FA-ADE1-0967A77ADCA9}.Release|Any CPU.ActiveCfg = Release|Any CPU
		{2884D3D6-0B7C-40FA-ADE1-0967A77ADCA9}.Release|Any CPU.Build.0 = Release|Any CPU
		{2884D3D6-0B7C-40FA-ADE1-0967A77ADCA9}.Release|x64.ActiveCfg = Release|Any CPU
		{2884D3D6-0B7C-40FA-ADE1-0967A77ADCA9}.Release|x64.Build.0 = Release|Any CPU
		{2884D3D6-0B7C-40FA-ADE1-0967A77ADCA9}.Release|x86.ActiveCfg = Release|Any CPU
		{2884D3D6-0B7C-40FA-ADE1-0967A77ADCA9}.Release|x86.Build.0 = Release|Any CPU
		{242372B4-B1C9-46B6-99D1-0F813EB1D270}.Debug|Any CPU.ActiveCfg = Debug|Any CPU
		{242372B4-B1C9-46B6-99D1-0F813EB1D270}.Debug|Any CPU.Build.0 = Debug|Any CPU
		{242372B4-B1C9-46B6-99D1-0F813EB1D270}.Debug|x64.ActiveCfg = Debug|Any CPU
		{242372B4-B1C9-46B6-99D1-0F813EB1D270}.Debug|x64.Build.0 = Debug|Any CPU
		{242372B4-B1C9-46B6-99D1-0F813EB1D270}.Debug|x86.ActiveCfg = Debug|Any CPU
		{242372B4-B1C9-46B6-99D1-0F813EB1D270}.Debug|x86.Build.0 = Debug|Any CPU
		{242372B4-B1C9-46B6-99D1-0F813EB1D270}.Release|Any CPU.ActiveCfg = Release|Any CPU
		{242372B4-B1C9-46B6-99D1-0F813EB1D270}.Release|Any CPU.Build.0 = Release|Any CPU
		{242372B4-B1C9-46B6-99D1-0F813EB1D270}.Release|x64.ActiveCfg = Release|Any CPU
		{242372B4-B1C9-46B6-99D1-0F813EB1D270}.Release|x64.Build.0 = Release|Any CPU
		{242372B4-B1C9-46B6-99D1-0F813EB1D270}.Release|x86.ActiveCfg = Release|Any CPU
		{242372B4-B1C9-46B6-99D1-0F813EB1D270}.Release|x86.Build.0 = Release|Any CPU
	EndGlobalSection
	GlobalSection(NestedProjects) = preSolution
		{2884D3D6-0B7C-40FA-ADE1-0967A77ADCA9} = {CC477A39-09CC-4920-A402-19A8691A1524}
		{242372B4-B1C9-46B6-99D1-0F813EB1D270} = {CC477A39-09CC-4920-A402-19A8691A1524}
	EndGlobalSection
EndGlobal
